
Microsoft Visual Studio Solution File, Format Version 12.00
# Visual Studio Version 16
VisualStudioVersion = 16.0.30717.126
MinimumVisualStudioVersion = 10.0.40219.1
Project("{FAE04EC0-301F-11D3-BF4B-00C04F79EFBC}") = "01_ExampleAPI", "01_ExampleAPI.csproj", "{7DBBDDA7-B77E-4028-89B5-DEBD888A084D}"
EndProject
Global
	GlobalSection(SolutionConfigurationPlatforms) = preSolution
		Debug|Any CPU = Debug|Any CPU
		Release|Any CPU = Release|Any CPU
	EndGlobalSection
	GlobalSection(ProjectConfigurationPlatforms) = postSolution
		{7DBBDDA7-B77E-4028-89B5-DEBD888A084D}.Debug|Any CPU.ActiveCfg = Debug|Any CPU
		{7DBBDDA7-B77E-4028-89B5-DEBD888A084D}.Debug|Any CPU.Build.0 = Debug|Any CPU
		{7DBBDDA7-B77E-4028-89B5-DEBD888A084D}.Release|Any CPU.ActiveCfg = Release|Any CPU
		{7DBBDDA7-B77E-4028-89B5-DEBD888A084D}.Release|Any CPU.Build.0 = Release|Any CPU
	EndGlobalSection
	GlobalSection(SolutionProperties) = preSolution
		HideSolutionNode = FALSE
	EndGlobalSection
	GlobalSection(ExtensibilityGlobals) = postSolution
		SolutionGuid = {A340E5E5-93AE-43D9-BE30-CB6F5539D4C3}
	EndGlobalSection
EndGlobal
